// !$*UTF8*$!
{
	archiveVersion = 1;
	classes = {
	};
	objectVersion = 56;
	objects = {

/* Begin PBXBuildFile section */
		019017132ADBB84E00EFE534 /* Beam_swiftuiApp.swift in Sources */ = {isa = PBXBuildFile; fileRef = 019017122ADBB84E00EFE534 /* Beam_swiftuiApp.swift */; };
		019017152ADBB84E00EFE534 /* ContentView.swift in Sources */ = {isa = PBXBuildFile; fileRef = 019017142ADBB84E00EFE534 /* ContentView.swift */; };
		019017172ADBB84F00EFE534 /* Assets.xcassets in Resources */ = {isa = PBXBuildFile; fileRef = 019017162ADBB84F00EFE534 /* Assets.xcassets */; };
		0190171B2ADBB84F00EFE534 /* Preview Assets.xcassets in Resources */ = {isa = PBXBuildFile; fileRef = 0190171A2ADBB84F00EFE534 /* Preview Assets.xcassets */; };
		019017252ADBB84F00EFE534 /* Beam_swiftuiTests.swift in Sources */ = {isa = PBXBuildFile; fileRef = 019017242ADBB84F00EFE534 /* Beam_swiftuiTests.swift */; };
		0190172F2ADBB84F00EFE534 /* Beam_swiftuiUITests.swift in Sources */ = {isa = PBXBuildFile; fileRef = 0190172E2ADBB84F00EFE534 /* Beam_swiftuiUITests.swift */; };
		019017312ADBB84F00EFE534 /* Beam_swiftuiUITestsLaunchTests.swift in Sources */ = {isa = PBXBuildFile; fileRef = 019017302ADBB84F00EFE534 /* Beam_swiftuiUITestsLaunchTests.swift */; };
		F04882CD2ADBE7B300E2F689 /* AffirmationEntries.swift in Sources */ = {isa = PBXBuildFile; fileRef = F04882CC2ADBE7B300E2F689 /* AffirmationEntries.swift */; };
		F07EB5302ADC05FE00B9B717 /* AudioPlayer.swift in Sources */ = {isa = PBXBuildFile; fileRef = F07EB52F2ADC05FE00B9B717 /* AudioPlayer.swift */; };
		F07EB5322ADC062D00B9B717 /* AudioRecording.swift in Sources */ = {isa = PBXBuildFile; fileRef = F07EB5312ADC062D00B9B717 /* AudioRecording.swift */; };
		F0B58E182ADBF78E00F1FA18 /* AffirmationRecordings.swift in Sources */ = {isa = PBXBuildFile; fileRef = F0B58E172ADBF78E00F1FA18 /* AffirmationRecordings.swift */; };
/* End PBXBuildFile section */

/* Begin PBXContainerItemProxy section */
		019017212ADBB84F00EFE534 /* PBXContainerItemProxy */ = {
			isa = PBXContainerItemProxy;
			containerPortal = 019017072ADBB84E00EFE534 /* Project object */;
			proxyType = 1;
			remoteGlobalIDString = 0190170E2ADBB84E00EFE534;
			remoteInfo = "Beam-swiftui";
		};
		0190172B2ADBB84F00EFE534 /* PBXContainerItemProxy */ = {
			isa = PBXContainerItemProxy;
			containerPortal = 019017072ADBB84E00EFE534 /* Project object */;
			proxyType = 1;
			remoteGlobalIDString = 0190170E2ADBB84E00EFE534;
			remoteInfo = "Beam-swiftui";
		};
/* End PBXContainerItemProxy section */

/* Begin PBXFileReference section */
		0190170F2ADBB84E00EFE534 /* Beam-swiftui.app */ = {isa = PBXFileReference; explicitFileType = wrapper.application; includeInIndex = 0; path = "Beam-swiftui.app"; sourceTree = BUILT_PRODUCTS_DIR; };
		019017122ADBB84E00EFE534 /* Beam_swiftuiApp.swift */ = {isa = PBXFileReference; lastKnownFileType = sourcecode.swift; path = Beam_swiftuiApp.swift; sourceTree = "<group>"; };
		019017142ADBB84E00EFE534 /* ContentView.swift */ = {isa = PBXFileReference; lastKnownFileType = sourcecode.swift; path = ContentView.swift; sourceTree = "<group>"; };
		019017162ADBB84F00EFE534 /* Assets.xcassets */ = {isa = PBXFileReference; lastKnownFileType = folder.assetcatalog; path = Assets.xcassets; sourceTree = "<group>"; };
		019017182ADBB84F00EFE534 /* Beam_swiftui.entitlements */ = {isa = PBXFileReference; lastKnownFileType = text.plist.entitlements; path = Beam_swiftui.entitlements; sourceTree = "<group>"; };
		0190171A2ADBB84F00EFE534 /* Preview Assets.xcassets */ = {isa = PBXFileReference; lastKnownFileType = folder.assetcatalog; path = "Preview Assets.xcassets"; sourceTree = "<group>"; };
		019017202ADBB84F00EFE534 /* Beam-swiftuiTests.xctest */ = {isa = PBXFileReference; explicitFileType = wrapper.cfbundle; includeInIndex = 0; path = "Beam-swiftuiTests.xctest"; sourceTree = BUILT_PRODUCTS_DIR; };
		019017242ADBB84F00EFE534 /* Beam_swiftuiTests.swift */ = {isa = PBXFileReference; lastKnownFileType = sourcecode.swift; path = Beam_swiftuiTests.swift; sourceTree = "<group>"; };
		0190172A2ADBB84F00EFE534 /* Beam-swiftuiUITests.xctest */ = {isa = PBXFileReference; explicitFileType = wrapper.cfbundle; includeInIndex = 0; path = "Beam-swiftuiUITests.xctest"; sourceTree = BUILT_PRODUCTS_DIR; };
		0190172E2ADBB84F00EFE534 /* Beam_swiftuiUITests.swift */ = {isa = PBXFileReference; lastKnownFileType = sourcecode.swift; path = Beam_swiftuiUITests.swift; sourceTree = "<group>"; };
		019017302ADBB84F00EFE534 /* Beam_swiftuiUITestsLaunchTests.swift */ = {isa = PBXFileReference; lastKnownFileType = sourcecode.swift; path = Beam_swiftuiUITestsLaunchTests.swift; sourceTree = "<group>"; };
		F04882CC2ADBE7B300E2F689 /* AffirmationEntries.swift */ = {isa = PBXFileReference; lastKnownFileType = sourcecode.swift; path = AffirmationEntries.swift; sourceTree = "<group>"; };
		F07EB52F2ADC05FE00B9B717 /* AudioPlayer.swift */ = {isa = PBXFileReference; lastKnownFileType = sourcecode.swift; path = AudioPlayer.swift; sourceTree = "<group>"; };
		F07EB5312ADC062D00B9B717 /* AudioRecording.swift */ = {isa = PBXFileReference; lastKnownFileType = sourcecode.swift; path = AudioRecording.swift; sourceTree = "<group>"; };
		F0B58E172ADBF78E00F1FA18 /* AffirmationRecordings.swift */ = {isa = PBXFileReference; lastKnownFileType = sourcecode.swift; path = AffirmationRecordings.swift; sourceTree = "<group>"; };
/* End PBXFileReference section */

/* Begin PBXFrameworksBuildPhase section */
		0190170C2ADBB84E00EFE534 /* Frameworks */ = {
			isa = PBXFrameworksBuildPhase;
			buildActionMask = 2147483647;
			files = (
			);
			runOnlyForDeploymentPostprocessing = 0;
		};
		0190171D2ADBB84F00EFE534 /* Frameworks */ = {
			isa = PBXFrameworksBuildPhase;
			buildActionMask = 2147483647;
			files = (
			);
			runOnlyForDeploymentPostprocessing = 0;
		};
		019017272ADBB84F00EFE534 /* Frameworks */ = {
			isa = PBXFrameworksBuildPhase;
			buildActionMask = 2147483647;
			files = (
			);
			runOnlyForDeploymentPostprocessing = 0;
		};
/* End PBXFrameworksBuildPhase section */

/* Begin PBXGroup section */
		019017062ADBB84E00EFE534 = {
			isa = PBXGroup;
			children = (
				019017112ADBB84E00EFE534 /* Beam-swiftui */,
				019017232ADBB84F00EFE534 /* Beam-swiftuiTests */,
				0190172D2ADBB84F00EFE534 /* Beam-swiftuiUITests */,
				019017102ADBB84E00EFE534 /* Products */,
			);
			sourceTree = "<group>";
		};
		019017102ADBB84E00EFE534 /* Products */ = {
			isa = PBXGroup;
			children = (
				0190170F2ADBB84E00EFE534 /* Beam-swiftui.app */,
				019017202ADBB84F00EFE534 /* Beam-swiftuiTests.xctest */,
				0190172A2ADBB84F00EFE534 /* Beam-swiftuiUITests.xctest */,
			);
			name = Products;
			sourceTree = "<group>";
		};
		019017112ADBB84E00EFE534 /* Beam-swiftui */ = {
			isa = PBXGroup;
			children = (
				F04882C72ADBE3E900E2F689 /* AffirmationAide */,
				019017122ADBB84E00EFE534 /* Beam_swiftuiApp.swift */,
				019017142ADBB84E00EFE534 /* ContentView.swift */,
				019017162ADBB84F00EFE534 /* Assets.xcassets */,
				019017182ADBB84F00EFE534 /* Beam_swiftui.entitlements */,
				019017192ADBB84F00EFE534 /* Preview Content */,
			);
			path = "Beam-swiftui";
			sourceTree = "<group>";
		};
		019017192ADBB84F00EFE534 /* Preview Content */ = {
			isa = PBXGroup;
			children = (
				0190171A2ADBB84F00EFE534 /* Preview Assets.xcassets */,
			);
			path = "Preview Content";
			sourceTree = "<group>";
		};
		019017232ADBB84F00EFE534 /* Beam-swiftuiTests */ = {
			isa = PBXGroup;
			children = (
				019017242ADBB84F00EFE534 /* Beam_swiftuiTests.swift */,
			);
			path = "Beam-swiftuiTests";
			sourceTree = "<group>";
		};
		0190172D2ADBB84F00EFE534 /* Beam-swiftuiUITests */ = {
			isa = PBXGroup;
			children = (
				0190172E2ADBB84F00EFE534 /* Beam_swiftuiUITests.swift */,
				019017302ADBB84F00EFE534 /* Beam_swiftuiUITestsLaunchTests.swift */,
			);
			path = "Beam-swiftuiUITests";
			sourceTree = "<group>";
		};
		F04882C72ADBE3E900E2F689 /* AffirmationAide */ = {
			isa = PBXGroup;
			children = (
				F04882CC2ADBE7B300E2F689 /* AffirmationEntries.swift */,
				F0B58E172ADBF78E00F1FA18 /* AffirmationRecordings.swift */,
				F07EB52F2ADC05FE00B9B717 /* AudioPlayer.swift */,
				F07EB5312ADC062D00B9B717 /* AudioRecording.swift */,
			);
			path = AffirmationAide;
			sourceTree = "<group>";
		};
/* End PBXGroup section */

/* Begin PBXNativeTarget section */
		0190170E2ADBB84E00EFE534 /* Beam-swiftui */ = {
			isa = PBXNativeTarget;
			buildConfigurationList = 019017342ADBB84F00EFE534 /* Build configuration list for PBXNativeTarget "Beam-swiftui" */;
			buildPhases = (
				0190170B2ADBB84E00EFE534 /* Sources */,
				0190170C2ADBB84E00EFE534 /* Frameworks */,
				0190170D2ADBB84E00EFE534 /* Resources */,
			);
			buildRules = (
			);
			dependencies = (
			);
			name = "Beam-swiftui";
			productName = "Beam-swiftui";
			productReference = 0190170F2ADBB84E00EFE534 /* Beam-swiftui.app */;
			productType = "com.apple.product-type.application";
		};
		0190171F2ADBB84F00EFE534 /* Beam-swiftuiTests */ = {
			isa = PBXNativeTarget;
			buildConfigurationList = 019017372ADBB84F00EFE534 /* Build configuration list for PBXNativeTarget "Beam-swiftuiTests" */;
			buildPhases = (
				0190171C2ADBB84F00EFE534 /* Sources */,
				0190171D2ADBB84F00EFE534 /* Frameworks */,
				0190171E2ADBB84F00EFE534 /* Resources */,
			);
			buildRules = (
			);
			dependencies = (
				019017222ADBB84F00EFE534 /* PBXTargetDependency */,
			);
			name = "Beam-swiftuiTests";
			productName = "Beam-swiftuiTests";
			productReference = 019017202ADBB84F00EFE534 /* Beam-swiftuiTests.xctest */;
			productType = "com.apple.product-type.bundle.unit-test";
		};
		019017292ADBB84F00EFE534 /* Beam-swiftuiUITests */ = {
			isa = PBXNativeTarget;
			buildConfigurationList = 0190173A2ADBB84F00EFE534 /* Build configuration list for PBXNativeTarget "Beam-swiftuiUITests" */;
			buildPhases = (
				019017262ADBB84F00EFE534 /* Sources */,
				019017272ADBB84F00EFE534 /* Frameworks */,
				019017282ADBB84F00EFE534 /* Resources */,
			);
			buildRules = (
			);
			dependencies = (
				0190172C2ADBB84F00EFE534 /* PBXTargetDependency */,
			);
			name = "Beam-swiftuiUITests";
			productName = "Beam-swiftuiUITests";
			productReference = 0190172A2ADBB84F00EFE534 /* Beam-swiftuiUITests.xctest */;
			productType = "com.apple.product-type.bundle.ui-testing";
		};
/* End PBXNativeTarget section */

/* Begin PBXProject section */
		019017072ADBB84E00EFE534 /* Project object */ = {
			isa = PBXProject;
			attributes = {
				BuildIndependentTargetsInParallel = 1;
				LastSwiftUpdateCheck = 1430;
				LastUpgradeCheck = 1430;
				TargetAttributes = {
					0190170E2ADBB84E00EFE534 = {
						CreatedOnToolsVersion = 14.3.1;
					};
					0190171F2ADBB84F00EFE534 = {
						CreatedOnToolsVersion = 14.3.1;
						TestTargetID = 0190170E2ADBB84E00EFE534;
					};
					019017292ADBB84F00EFE534 = {
						CreatedOnToolsVersion = 14.3.1;
						TestTargetID = 0190170E2ADBB84E00EFE534;
					};
				};
			};
			buildConfigurationList = 0190170A2ADBB84E00EFE534 /* Build configuration list for PBXProject "Beam-swiftui" */;
			compatibilityVersion = "Xcode 14.0";
			developmentRegion = en;
			hasScannedForEncodings = 0;
			knownRegions = (
				en,
				Base,
			);
			mainGroup = 019017062ADBB84E00EFE534;
			productRefGroup = 019017102ADBB84E00EFE534 /* Products */;
			projectDirPath = "";
			projectRoot = "";
			targets = (
				0190170E2ADBB84E00EFE534 /* Beam-swiftui */,
				0190171F2ADBB84F00EFE534 /* Beam-swiftuiTests */,
				019017292ADBB84F00EFE534 /* Beam-swiftuiUITests */,
			);
		};
/* End PBXProject section */

/* Begin PBXResourcesBuildPhase section */
		0190170D2ADBB84E00EFE534 /* Resources */ = {
			isa = PBXResourcesBuildPhase;
			buildActionMask = 2147483647;
			files = (
				0190171B2ADBB84F00EFE534 /* Preview Assets.xcassets in Resources */,
				019017172ADBB84F00EFE534 /* Assets.xcassets in Resources */,
			);
			runOnlyForDeploymentPostprocessing = 0;
		};
		0190171E2ADBB84F00EFE534 /* Resources */ = {
			isa = PBXResourcesBuildPhase;
			buildActionMask = 2147483647;
			files = (
			);
			runOnlyForDeploymentPostprocessing = 0;
		};
		019017282ADBB84F00EFE534 /* Resources */ = {
			isa = PBXResourcesBuildPhase;
			buildActionMask = 2147483647;
			files = (
			);
			runOnlyForDeploymentPostprocessing = 0;
		};
/* End PBXResourcesBuildPhase section */

/* Begin PBXSourcesBuildPhase section */
		0190170B2ADBB84E00EFE534 /* Sources */ = {
			isa = PBXSourcesBuildPhase;
			buildActionMask = 2147483647;
			files = (
				F07EB5322ADC062D00B9B717 /* AudioRecording.swift in Sources */,
				019017152ADBB84E00EFE534 /* ContentView.swift in Sources */,
				F04882CD2ADBE7B300E2F689 /* AffirmationEntries.swift in Sources */,
				F07EB5302ADC05FE00B9B717 /* AudioPlayer.swift in Sources */,
				F0B58E182ADBF78E00F1FA18 /* AffirmationRecordings.swift in Sources */,
				019017132ADBB84E00EFE534 /* Beam_swiftuiApp.swift in Sources */,
			);
			runOnlyForDeploymentPostprocessing = 0;
		};
		0190171C2ADBB84F00EFE534 /* Sources */ = {
			isa = PBXSourcesBuildPhase;
			buildActionMask = 2147483647;
			files = (
				019017252ADBB84F00EFE534 /* Beam_swiftuiTests.swift in Sources */,
			);
			runOnlyForDeploymentPostprocessing = 0;
		};
		019017262ADBB84F00EFE534 /* Sources */ = {
			isa = PBXSourcesBuildPhase;
			buildActionMask = 2147483647;
			files = (
				0190172F2ADBB84F00EFE534 /* Beam_swiftuiUITests.swift in Sources */,
				019017312ADBB84F00EFE534 /* Beam_swiftuiUITestsLaunchTests.swift in Sources */,
			);
			runOnlyForDeploymentPostprocessing = 0;
		};
/* End PBXSourcesBuildPhase section */

/* Begin PBXTargetDependency section */
		019017222ADBB84F00EFE534 /* PBXTargetDependency */ = {
			isa = PBXTargetDependency;
			target = 0190170E2ADBB84E00EFE534 /* Beam-swiftui */;
			targetProxy = 019017212ADBB84F00EFE534 /* PBXContainerItemProxy */;
		};
		0190172C2ADBB84F00EFE534 /* PBXTargetDependency */ = {
			isa = PBXTargetDependency;
			target = 0190170E2ADBB84E00EFE534 /* Beam-swiftui */;
			targetProxy = 0190172B2ADBB84F00EFE534 /* PBXContainerItemProxy */;
		};
/* End PBXTargetDependency section */

/* Begin XCBuildConfiguration section */
		019017322ADBB84F00EFE534 /* Debug */ = {
			isa = XCBuildConfiguration;
			buildSettings = {
				ALWAYS_SEARCH_USER_PATHS = NO;
				CLANG_ANALYZER_NONNULL = YES;
				CLANG_ANALYZER_NUMBER_OBJECT_CONVERSION = YES_AGGRESSIVE;
				CLANG_CXX_LANGUAGE_STANDARD = "gnu++20";
				CLANG_ENABLE_MODULES = YES;
				CLANG_ENABLE_OBJC_ARC = YES;
				CLANG_ENABLE_OBJC_WEAK = YES;
				CLANG_WARN_BLOCK_CAPTURE_AUTORELEASING = YES;
				CLANG_WARN_BOOL_CONVERSION = YES;
				CLANG_WARN_COMMA = YES;
				CLANG_WARN_CONSTANT_CONVERSION = YES;
				CLANG_WARN_DEPRECATED_OBJC_IMPLEMENTATIONS = YES;
				CLANG_WARN_DIRECT_OBJC_ISA_USAGE = YES_ERROR;
				CLANG_WARN_DOCUMENTATION_COMMENTS = YES;
				CLANG_WARN_EMPTY_BODY = YES;
				CLANG_WARN_ENUM_CONVERSION = YES;
				CLANG_WARN_INFINITE_RECURSION = YES;
				CLANG_WARN_INT_CONVERSION = YES;
				CLANG_WARN_NON_LITERAL_NULL_CONVERSION = YES;
				CLANG_WARN_OBJC_IMPLICIT_RETAIN_SELF = YES;
				CLANG_WARN_OBJC_LITERAL_CONVERSION = YES;
				CLANG_WARN_OBJC_ROOT_CLASS = YES_ERROR;
				CLANG_WARN_QUOTED_INCLUDE_IN_FRAMEWORK_HEADER = YES;
				CLANG_WARN_RANGE_LOOP_ANALYSIS = YES;
				CLANG_WARN_STRICT_PROTOTYPES = YES;
				CLANG_WARN_SUSPICIOUS_MOVE = YES;
				CLANG_WARN_UNGUARDED_AVAILABILITY = YES_AGGRESSIVE;
				CLANG_WARN_UNREACHABLE_CODE = YES;
				CLANG_WARN__DUPLICATE_METHOD_MATCH = YES;
				COPY_PHASE_STRIP = NO;
				DEBUG_INFORMATION_FORMAT = dwarf;
				ENABLE_STRICT_OBJC_MSGSEND = YES;
				ENABLE_TESTABILITY = YES;
				GCC_C_LANGUAGE_STANDARD = gnu11;
				GCC_DYNAMIC_NO_PIC = NO;
				GCC_NO_COMMON_BLOCKS = YES;
				GCC_OPTIMIZATION_LEVEL = 0;
				GCC_PREPROCESSOR_DEFINITIONS = (
					"DEBUG=1",
					"$(inherited)",
				);
				GCC_WARN_64_TO_32_BIT_CONVERSION = YES;
				GCC_WARN_ABOUT_RETURN_TYPE = YES_ERROR;
				GCC_WARN_UNDECLARED_SELECTOR = YES;
				GCC_WARN_UNINITIALIZED_AUTOS = YES_AGGRESSIVE;
				GCC_WARN_UNUSED_FUNCTION = YES;
				GCC_WARN_UNUSED_VARIABLE = YES;
				MTL_ENABLE_DEBUG_INFO = INCLUDE_SOURCE;
				MTL_FAST_MATH = YES;
				ONLY_ACTIVE_ARCH = YES;
				SWIFT_ACTIVE_COMPILATION_CONDITIONS = DEBUG;
				SWIFT_OPTIMIZATION_LEVEL = "-Onone";
			};
			name = Debug;
		};
		019017332ADBB84F00EFE534 /* Release */ = {
			isa = XCBuildConfiguration;
			buildSettings = {
				ALWAYS_SEARCH_USER_PATHS = NO;
				CLANG_ANALYZER_NONNULL = YES;
				CLANG_ANALYZER_NUMBER_OBJECT_CONVERSION = YES_AGGRESSIVE;
				CLANG_CXX_LANGUAGE_STANDARD = "gnu++20";
				CLANG_ENABLE_MODULES = YES;
				CLANG_ENABLE_OBJC_ARC = YES;
				CLANG_ENABLE_OBJC_WEAK = YES;
				CLANG_WARN_BLOCK_CAPTURE_AUTORELEASING = YES;
				CLANG_WARN_BOOL_CONVERSION = YES;
				CLANG_WARN_COMMA = YES;
				CLANG_WARN_CONSTANT_CONVERSION = YES;
				CLANG_WARN_DEPRECATED_OBJC_IMPLEMENTATIONS = YES;
				CLANG_WARN_DIRECT_OBJC_ISA_USAGE = YES_ERROR;
				CLANG_WARN_DOCUMENTATION_COMMENTS = YES;
				CLANG_WARN_EMPTY_BODY = YES;
				CLANG_WARN_ENUM_CONVERSION = YES;
				CLANG_WARN_INFINITE_RECURSION = YES;
				CLANG_WARN_INT_CONVERSION = YES;
				CLANG_WARN_NON_LITERAL_NULL_CONVERSION = YES;
				CLANG_WARN_OBJC_IMPLICIT_RETAIN_SELF = YES;
				CLANG_WARN_OBJC_LITERAL_CONVERSION = YES;
				CLANG_WARN_OBJC_ROOT_CLASS = YES_ERROR;
				CLANG_WARN_QUOTED_INCLUDE_IN_FRAMEWORK_HEADER = YES;
				CLANG_WARN_RANGE_LOOP_ANALYSIS = YES;
				CLANG_WARN_STRICT_PROTOTYPES = YES;
				CLANG_WARN_SUSPICIOUS_MOVE = YES;
				CLANG_WARN_UNGUARDED_AVAILABILITY = YES_AGGRESSIVE;
				CLANG_WARN_UNREACHABLE_CODE = YES;
				CLANG_WARN__DUPLICATE_METHOD_MATCH = YES;
				COPY_PHASE_STRIP = NO;
				DEBUG_INFORMATION_FORMAT = "dwarf-with-dsym";
				ENABLE_NS_ASSERTIONS = NO;
				ENABLE_STRICT_OBJC_MSGSEND = YES;
				GCC_C_LANGUAGE_STANDARD = gnu11;
				GCC_NO_COMMON_BLOCKS = YES;
				GCC_WARN_64_TO_32_BIT_CONVERSION = YES;
				GCC_WARN_ABOUT_RETURN_TYPE = YES_ERROR;
				GCC_WARN_UNDECLARED_SELECTOR = YES;
				GCC_WARN_UNINITIALIZED_AUTOS = YES_AGGRESSIVE;
				GCC_WARN_UNUSED_FUNCTION = YES;
				GCC_WARN_UNUSED_VARIABLE = YES;
				MTL_ENABLE_DEBUG_INFO = NO;
				MTL_FAST_MATH = YES;
				SWIFT_COMPILATION_MODE = wholemodule;
				SWIFT_OPTIMIZATION_LEVEL = "-O";
			};
			name = Release;
		};
		019017352ADBB84F00EFE534 /* Debug */ = {
			isa = XCBuildConfiguration;
			buildSettings = {
				ASSETCATALOG_COMPILER_APPICON_NAME = AppIcon;
				ASSETCATALOG_COMPILER_GLOBAL_ACCENT_COLOR_NAME = AccentColor;
				CODE_SIGN_ENTITLEMENTS = "Beam-swiftui/Beam_swiftui.entitlements";
				CODE_SIGN_STYLE = Automatic;
				CURRENT_PROJECT_VERSION = 1;
				DEVELOPMENT_ASSET_PATHS = "\"Beam-swiftui/Preview Content\"";
				ENABLE_PREVIEWS = YES;
				GENERATE_INFOPLIST_FILE = YES;
				"INFOPLIST_KEY_UIApplicationSceneManifest_Generation[sdk=iphoneos*]" = YES;
				"INFOPLIST_KEY_UIApplicationSceneManifest_Generation[sdk=iphonesimulator*]" = YES;
				"INFOPLIST_KEY_UIApplicationSupportsIndirectInputEvents[sdk=iphoneos*]" = YES;
				"INFOPLIST_KEY_UIApplicationSupportsIndirectInputEvents[sdk=iphonesimulator*]" = YES;
				"INFOPLIST_KEY_UILaunchScreen_Generation[sdk=iphoneos*]" = YES;
				"INFOPLIST_KEY_UILaunchScreen_Generation[sdk=iphonesimulator*]" = YES;
				"INFOPLIST_KEY_UIStatusBarStyle[sdk=iphoneos*]" = UIStatusBarStyleDefault;
				"INFOPLIST_KEY_UIStatusBarStyle[sdk=iphonesimulator*]" = UIStatusBarStyleDefault;
				INFOPLIST_KEY_UISupportedInterfaceOrientations_iPad = "UIInterfaceOrientationPortrait UIInterfaceOrientationPortraitUpsideDown UIInterfaceOrientationLandscapeLeft UIInterfaceOrientationLandscapeRight";
				INFOPLIST_KEY_UISupportedInterfaceOrientations_iPhone = "UIInterfaceOrientationPortrait UIInterfaceOrientationLandscapeLeft UIInterfaceOrientationLandscapeRight";
				IPHONEOS_DEPLOYMENT_TARGET = 16.4;
				LD_RUNPATH_SEARCH_PATHS = "@executable_path/Frameworks";
				"LD_RUNPATH_SEARCH_PATHS[sdk=macosx*]" = "@executable_path/../Frameworks";
				MACOSX_DEPLOYMENT_TARGET = 13.3;
				MARKETING_VERSION = 1.0;
				PRODUCT_BUNDLE_IDENTIFIER = "beam.Beam-swiftui";
				PRODUCT_NAME = "$(TARGET_NAME)";
				SDKROOT = auto;
				SUPPORTED_PLATFORMS = "iphoneos iphonesimulator macosx";
				SWIFT_EMIT_LOC_STRINGS = YES;
				SWIFT_VERSION = 5.0;
				TARGETED_DEVICE_FAMILY = "1,2";
			};
			name = Debug;
		};
		019017362ADBB84F00EFE534 /* Release */ = {
			isa = XCBuildConfiguration;
			buildSettings = {
				ASSETCATALOG_COMPILER_APPICON_NAME = AppIcon;
				ASSETCATALOG_COMPILER_GLOBAL_ACCENT_COLOR_NAME = AccentColor;
				CODE_SIGN_ENTITLEMENTS = "Beam-swiftui/Beam_swiftui.entitlements";
				CODE_SIGN_STYLE = Automatic;
				CURRENT_PROJECT_VERSION = 1;
				DEVELOPMENT_ASSET_PATHS = "\"Beam-swiftui/Preview Content\"";
				ENABLE_PREVIEWS = YES;
				GENERATE_INFOPLIST_FILE = YES;
				"INFOPLIST_KEY_UIApplicationSceneManifest_Generation[sdk=iphoneos*]" = YES;
				"INFOPLIST_KEY_UIApplicationSceneManifest_Generation[sdk=iphonesimulator*]" = YES;
				"INFOPLIST_KEY_UIApplicationSupportsIndirectInputEvents[sdk=iphoneos*]" = YES;
				"INFOPLIST_KEY_UIApplicationSupportsIndirectInputEvents[sdk=iphonesimulator*]" = YES;
				"INFOPLIST_KEY_UILaunchScreen_Generation[sdk=iphoneos*]" = YES;
				"INFOPLIST_KEY_UILaunchScreen_Generation[sdk=iphonesimulator*]" = YES;
				"INFOPLIST_KEY_UIStatusBarStyle[sdk=iphoneos*]" = UIStatusBarStyleDefault;
				"INFOPLIST_KEY_UIStatusBarStyle[sdk=iphonesimulator*]" = UIStatusBarStyleDefault;
				INFOPLIST_KEY_UISupportedInterfaceOrientations_iPad = "UIInterfaceOrientationPortrait UIInterfaceOrientationPortraitUpsideDown UIInterfaceOrientationLandscapeLeft UIInterfaceOrientationLandscapeRight";
				INFOPLIST_KEY_UISupportedInterfaceOrientations_iPhone = "UIInterfaceOrientationPortrait UIInterfaceOrientationLandscapeLeft UIInterfaceOrientationLandscapeRight";
				IPHONEOS_DEPLOYMENT_TARGET = 16.4;
				LD_RUNPATH_SEARCH_PATHS = "@executable_path/Frameworks";
				"LD_RUNPATH_SEARCH_PATHS[sdk=macosx*]" = "@executable_path/../Frameworks";
				MACOSX_DEPLOYMENT_TARGET = 13.3;
				MARKETING_VERSION = 1.0;
				PRODUCT_BUNDLE_IDENTIFIER = "beam.Beam-swiftui";
				PRODUCT_NAME = "$(TARGET_NAME)";
				SDKROOT = auto;
				SUPPORTED_PLATFORMS = "iphoneos iphonesimulator macosx";
				SWIFT_EMIT_LOC_STRINGS = YES;
				SWIFT_VERSION = 5.0;
				TARGETED_DEVICE_FAMILY = "1,2";
			};
			name = Release;
		};
		019017382ADBB84F00EFE534 /* Debug */ = {
			isa = XCBuildConfiguration;
			buildSettings = {
				ALWAYS_EMBED_SWIFT_STANDARD_LIBRARIES = YES;
				BUNDLE_LOADER = "$(TEST_HOST)";
				CODE_SIGN_STYLE = Automatic;
				CURRENT_PROJECT_VERSION = 1;
				GENERATE_INFOPLIST_FILE = YES;
				IPHONEOS_DEPLOYMENT_TARGET = 16.4;
				MACOSX_DEPLOYMENT_TARGET = 13.3;
				MARKETING_VERSION = 1.0;
				PRODUCT_BUNDLE_IDENTIFIER = "beam.Beam-swiftuiTests";
				PRODUCT_NAME = "$(TARGET_NAME)";
				SDKROOT = auto;
				SUPPORTED_PLATFORMS = "iphoneos iphonesimulator macosx";
				SWIFT_EMIT_LOC_STRINGS = NO;
				SWIFT_VERSION = 5.0;
				TARGETED_DEVICE_FAMILY = "1,2";
				TEST_HOST = "$(BUILT_PRODUCTS_DIR)/Beam-swiftui.app/$(BUNDLE_EXECUTABLE_FOLDER_PATH)/Beam-swiftui";
			};
			name = Debug;
		};
		019017392ADBB84F00EFE534 /* Release */ = {
			isa = XCBuildConfiguration;
			buildSettings = {
				ALWAYS_EMBED_SWIFT_STANDARD_LIBRARIES = YES;
				BUNDLE_LOADER = "$(TEST_HOST)";
				CODE_SIGN_STYLE = Automatic;
				CURRENT_PROJECT_VERSION = 1;
				GENERATE_INFOPLIST_FILE = YES;
				IPHONEOS_DEPLOYMENT_TARGET = 16.4;
				MACOSX_DEPLOYMENT_TARGET = 13.3;
				MARKETING_VERSION = 1.0;
				PRODUCT_BUNDLE_IDENTIFIER = "beam.Beam-swiftuiTests";
				PRODUCT_NAME = "$(TARGET_NAME)";
				SDKROOT = auto;
				SUPPORTED_PLATFORMS = "iphoneos iphonesimulator macosx";
				SWIFT_EMIT_LOC_STRINGS = NO;
				SWIFT_VERSION = 5.0;
				TARGETED_DEVICE_FAMILY = "1,2";
				TEST_HOST = "$(BUILT_PRODUCTS_DIR)/Beam-swiftui.app/$(BUNDLE_EXECUTABLE_FOLDER_PATH)/Beam-swiftui";
			};
			name = Release;
		};
		0190173B2ADBB84F00EFE534 /* Debug */ = {
			isa = XCBuildConfiguration;
			buildSettings = {
				ALWAYS_EMBED_SWIFT_STANDARD_LIBRARIES = YES;
				CODE_SIGN_STYLE = Automatic;
				CURRENT_PROJECT_VERSION = 1;
				GENERATE_INFOPLIST_FILE = YES;
				IPHONEOS_DEPLOYMENT_TARGET = 16.4;
				MACOSX_DEPLOYMENT_TARGET = 13.3;
				MARKETING_VERSION = 1.0;
				PRODUCT_BUNDLE_IDENTIFIER = "beam.Beam-swiftuiUITests";
				PRODUCT_NAME = "$(TARGET_NAME)";
				SDKROOT = auto;
				SUPPORTED_PLATFORMS = "iphoneos iphonesimulator macosx";
				SWIFT_EMIT_LOC_STRINGS = NO;
				SWIFT_VERSION = 5.0;
				TARGETED_DEVICE_FAMILY = "1,2";
				TEST_TARGET_NAME = "Beam-swiftui";
			};
			name = Debug;
		};
		0190173C2ADBB84F00EFE534 /* Release */ = {
			isa = XCBuildConfiguration;
			buildSettings = {
				ALWAYS_EMBED_SWIFT_STANDARD_LIBRARIES = YES;
				CODE_SIGN_STYLE = Automatic;
				CURRENT_PROJECT_VERSION = 1;
				GENERATE_INFOPLIST_FILE = YES;
				IPHONEOS_DEPLOYMENT_TARGET = 16.4;
				MACOSX_DEPLOYMENT_TARGET = 13.3;
				MARKETING_VERSION = 1.0;
				PRODUCT_BUNDLE_IDENTIFIER = "beam.Beam-swiftuiUITests";
				PRODUCT_NAME = "$(TARGET_NAME)";
				SDKROOT = auto;
				SUPPORTED_PLATFORMS = "iphoneos iphonesimulator macosx";
				SWIFT_EMIT_LOC_STRINGS = NO;
				SWIFT_VERSION = 5.0;
				TARGETED_DEVICE_FAMILY = "1,2";
				TEST_TARGET_NAME = "Beam-swiftui";
			};
			name = Release;
		};
/* End XCBuildConfiguration section */

/* Begin XCConfigurationList section */
		0190170A2ADBB84E00EFE534 /* Build configuration list for PBXProject "Beam-swiftui" */ = {
			isa = XCConfigurationList;
			buildConfigurations = (
				019017322ADBB84F00EFE534 /* Debug */,
				019017332ADBB84F00EFE534 /* Release */,
			);
			defaultConfigurationIsVisible = 0;
			defaultConfigurationName = Release;
		};
		019017342ADBB84F00EFE534 /* Build configuration list for PBXNativeTarget "Beam-swiftui" */ = {
			isa = XCConfigurationList;
			buildConfigurations = (
				019017352ADBB84F00EFE534 /* Debug */,
				019017362ADBB84F00EFE534 /* Release */,
			);
			defaultConfigurationIsVisible = 0;
			defaultConfigurationName = Release;
		};
		019017372ADBB84F00EFE534 /* Build configuration list for PBXNativeTarget "Beam-swiftuiTests" */ = {
			isa = XCConfigurationList;
			buildConfigurations = (
				019017382ADBB84F00EFE534 /* Debug */,
				019017392ADBB84F00EFE534 /* Release */,
			);
			defaultConfigurationIsVisible = 0;
			defaultConfigurationName = Release;
		};
		0190173A2ADBB84F00EFE534 /* Build configuration list for PBXNativeTarget "Beam-swiftuiUITests" */ = {
			isa = XCConfigurationList;
			buildConfigurations = (
				0190173B2ADBB84F00EFE534 /* Debug */,
				0190173C2ADBB84F00EFE534 /* Release */,
			);
			defaultConfigurationIsVisible = 0;
			defaultConfigurationName = Release;
		};
/* End XCConfigurationList section */
	};
	rootObject = 019017072ADBB84E00EFE534 /* Project object */;
}
